// !$*UTF8*$!
{
	archiveVersion = 1;
	classes = {
	};
	objectVersion = 46;
	objects = {

/* Begin PBXBuildFile section */
		4A45A9C91A98AE2A00AC75D0 /* RefreshTableViewController.m in Sources */ = {isa = PBXBuildFile; fileRef = 4A45A9C81A98AE2A00AC75D0 /* RefreshTableViewController.m */; };
		4A4783A31A99D6560058F504 /* RefreshCollectionViewController.m in Sources */ = {isa = PBXBuildFile; fileRef = 4A4783A21A99D6560058F504 /* RefreshCollectionViewController.m */; };
		4ADC01FC1AC2E1E900F40A74 /* RefreshScrollViewController.m in Sources */ = {isa = PBXBuildFile; fileRef = 4ADC01F51AC2E1E900F40A74 /* RefreshScrollViewController.m */; };
		841015B91A94CA2B0004B53B /* main.m in Sources */ = {isa = PBXBuildFile; fileRef = 841015B81A94CA2B0004B53B /* main.m */; };
		841015BC1A94CA2B0004B53B /* AppDelegate.m in Sources */ = {isa = PBXBuildFile; fileRef = 841015BB1A94CA2B0004B53B /* AppDelegate.m */; };
		841015BF1A94CA2B0004B53B /* TableViewController.m in Sources */ = {isa = PBXBuildFile; fileRef = 841015BE1A94CA2B0004B53B /* TableViewController.m */; };
		841015C41A94CA2B0004B53B /* Images.xcassets in Resources */ = {isa = PBXBuildFile; fileRef = 841015C31A94CA2B0004B53B /* Images.xcassets */; };
		841015DE1A94CAEA0004B53B /* NavigationController.m in Sources */ = {isa = PBXBuildFile; fileRef = 841015DD1A94CAEA0004B53B /* NavigationController.m */; };
		EEC6C4E07A7E8DED535CD76E /* libPods-LGRefreshViewDemo.a in Frameworks */ = {isa = PBXBuildFile; fileRef = D1B1DD7E710090D5EE0DB7D5 /* libPods-LGRefreshViewDemo.a */; };
/* End PBXBuildFile section */

/* Begin PBXFileReference section */
		202900AF0BDA2D1FD82A675C /* Pods-LGRefreshViewDemo.release.xcconfig */ = {isa = PBXFileReference; includeInIndex = 1; lastKnownFileType = text.xcconfig; name = "Pods-LGRefreshViewDemo.release.xcconfig"; path = "Pods/Target Support Files/Pods-LGRefreshViewDemo/Pods-LGRefreshViewDemo.release.xcconfig"; sourceTree = "<group>"; };
		4A45A9C71A98AE2A00AC75D0 /* RefreshTableViewController.h */ = {isa = PBXFileReference; fileEncoding = 4; lastKnownFileType = sourcecode.c.h; path = RefreshTableViewController.h; sourceTree = "<group>"; };
		4A45A9C81A98AE2A00AC75D0 /* RefreshTableViewController.m */ = {isa = PBXFileReference; fileEncoding = 4; lastKnownFileType = sourcecode.c.objc; path = RefreshTableViewController.m; sourceTree = "<group>"; };
		4A4783A11A99D6560058F504 /* RefreshCollectionViewController.h */ = {isa = PBXFileReference; fileEncoding = 4; lastKnownFileType = sourcecode.c.h; path = RefreshCollectionViewController.h; sourceTree = "<group>"; };
		4A4783A21A99D6560058F504 /* RefreshCollectionViewController.m */ = {isa = PBXFileReference; fileEncoding = 4; lastKnownFileType = sourcecode.c.objc; path = RefreshCollectionViewController.m; sourceTree = "<group>"; };
		4ADC01F41AC2E1E900F40A74 /* RefreshScrollViewController.h */ = {isa = PBXFileReference; fileEncoding = 4; lastKnownFileType = sourcecode.c.h; path = RefreshScrollViewController.h; sourceTree = "<group>"; };
		4ADC01F51AC2E1E900F40A74 /* RefreshScrollViewController.m */ = {isa = PBXFileReference; fileEncoding = 4; lastKnownFileType = sourcecode.c.objc; path = RefreshScrollViewController.m; sourceTree = "<group>"; };
		841015B31A94CA2B0004B53B /* LGRefreshViewDemo.app */ = {isa = PBXFileReference; explicitFileType = wrapper.application; includeInIndex = 0; path = LGRefreshViewDemo.app; sourceTree = BUILT_PRODUCTS_DIR; };
		841015B71A94CA2B0004B53B /* Info.plist */ = {isa = PBXFileReference; lastKnownFileType = text.plist.xml; path = Info.plist; sourceTree = "<group>"; };
		841015B81A94CA2B0004B53B /* main.m */ = {isa = PBXFileReference; lastKnownFileType = sourcecode.c.objc; path = main.m; sourceTree = "<group>"; };
		841015BA1A94CA2B0004B53B /* AppDelegate.h */ = {isa = PBXFileReference; lastKnownFileType = sourcecode.c.h; path = AppDelegate.h; sourceTree = "<group>"; };
		841015BB1A94CA2B0004B53B /* AppDelegate.m */ = {isa = PBXFileReference; lastKnownFileType = sourcecode.c.objc; path = AppDelegate.m; sourceTree = "<group>"; };
		841015BD1A94CA2B0004B53B /* TableViewController.h */ = {isa = PBXFileReference; lastKnownFileType = sourcecode.c.h; path = TableViewController.h; sourceTree = "<group>"; };
		841015BE1A94CA2B0004B53B /* TableViewController.m */ = {isa = PBXFileReference; lastKnownFileType = sourcecode.c.objc; path = TableViewController.m; sourceTree = "<group>"; };
		841015C31A94CA2B0004B53B /* Images.xcassets */ = {isa = PBXFileReference; lastKnownFileType = folder.assetcatalog; path = Images.xcassets; sourceTree = "<group>"; };
		841015DC1A94CAEA0004B53B /* NavigationController.h */ = {isa = PBXFileReference; fileEncoding = 4; lastKnownFileType = sourcecode.c.h; path = NavigationController.h; sourceTree = "<group>"; };
		841015DD1A94CAEA0004B53B /* NavigationController.m */ = {isa = PBXFileReference; fileEncoding = 4; lastKnownFileType = sourcecode.c.objc; path = NavigationController.m; sourceTree = "<group>"; };
		D1B1DD7E710090D5EE0DB7D5 /* libPods-LGRefreshViewDemo.a */ = {isa = PBXFileReference; explicitFileType = archive.ar; includeInIndex = 0; path = "libPods-LGRefreshViewDemo.a"; sourceTree = BUILT_PRODUCTS_DIR; };
		E6B85288ACFBB85E0BB95906 /* Pods-LGRefreshViewDemo.debug.xcconfig */ = {isa = PBXFileReference; includeInIndex = 1; lastKnownFileType = text.xcconfig; name = "Pods-LGRefreshViewDemo.debug.xcconfig"; path = "Pods/Target Support Files/Pods-LGRefreshViewDemo/Pods-LGRefreshViewDemo.debug.xcconfig"; sourceTree = "<group>"; };
/* End PBXFileReference section */

/* Begin PBXFrameworksBuildPhase section */
		841015B01A94CA2B0004B53B /* Frameworks */ = {
			isa = PBXFrameworksBuildPhase;
			buildActionMask = 2147483647;
			files = (
				EEC6C4E07A7E8DED535CD76E /* libPods-LGRefreshViewDemo.a in Frameworks */,
			);
			runOnlyForDeploymentPostprocessing = 0;
		};
/* End PBXFrameworksBuildPhase section */

/* Begin PBXGroup section */
		4A3F4B5F1AA8BFD1006D9DAA /* Demo View Controllers */ = {
			isa = PBXGroup;
			children = (
				841E90251A95FA0500BF6E8A /* UIScrollView */,
				841E90261A95FA1700BF6E8A /* UITableView */,
				841E90271A95FA2000BF6E8A /* UICollectionView */,
			);
			name = "Demo View Controllers";
			sourceTree = "<group>";
		};
		841015AA1A94CA2B0004B53B = {
			isa = PBXGroup;
			children = (
				841015B51A94CA2B0004B53B /* LGRefreshViewDemo */,
				841015B41A94CA2B0004B53B /* Products */,
				EF0289161617AD494C7562E5 /* Pods */,
				FE1F170CEC0E67195649D7BB /* Frameworks */,
			);
			sourceTree = "<group>";
		};
		841015B41A94CA2B0004B53B /* Products */ = {
			isa = PBXGroup;
			children = (
				841015B31A94CA2B0004B53B /* LGRefreshViewDemo.app */,
			);
			name = Products;
			sourceTree = "<group>";
		};
		841015B51A94CA2B0004B53B /* LGRefreshViewDemo */ = {
			isa = PBXGroup;
			children = (
				841015BA1A94CA2B0004B53B /* AppDelegate.h */,
				841015BB1A94CA2B0004B53B /* AppDelegate.m */,
				841015DC1A94CAEA0004B53B /* NavigationController.h */,
				841015DD1A94CAEA0004B53B /* NavigationController.m */,
				841015BD1A94CA2B0004B53B /* TableViewController.h */,
				841015BE1A94CA2B0004B53B /* TableViewController.m */,
				4A3F4B5F1AA8BFD1006D9DAA /* Demo View Controllers */,
				841015C31A94CA2B0004B53B /* Images.xcassets */,
				841015B61A94CA2B0004B53B /* Supporting Files */,
			);
			path = LGRefreshViewDemo;
			sourceTree = "<group>";
		};
		841015B61A94CA2B0004B53B /* Supporting Files */ = {
			isa = PBXGroup;
			children = (
				841015B71A94CA2B0004B53B /* Info.plist */,
				841015B81A94CA2B0004B53B /* main.m */,
			);
			name = "Supporting Files";
			sourceTree = "<group>";
		};
		841E90251A95FA0500BF6E8A /* UIScrollView */ = {
			isa = PBXGroup;
			children = (
				4ADC01F41AC2E1E900F40A74 /* RefreshScrollViewController.h */,
				4ADC01F51AC2E1E900F40A74 /* RefreshScrollViewController.m */,
			);
			name = UIScrollView;
			sourceTree = "<group>";
		};
		841E90261A95FA1700BF6E8A /* UITableView */ = {
			isa = PBXGroup;
			children = (
				4A45A9C71A98AE2A00AC75D0 /* RefreshTableViewController.h */,
				4A45A9C81A98AE2A00AC75D0 /* RefreshTableViewController.m */,
			);
			name = UITableView;
			sourceTree = "<group>";
		};
		841E90271A95FA2000BF6E8A /* UICollectionView */ = {
			isa = PBXGroup;
			children = (
				4A4783A11A99D6560058F504 /* RefreshCollectionViewController.h */,
				4A4783A21A99D6560058F504 /* RefreshCollectionViewController.m */,
			);
			name = UICollectionView;
			sourceTree = "<group>";
		};
		EF0289161617AD494C7562E5 /* Pods */ = {
			isa = PBXGroup;
			children = (
				E6B85288ACFBB85E0BB95906 /* Pods-LGRefreshViewDemo.debug.xcconfig */,
				202900AF0BDA2D1FD82A675C /* Pods-LGRefreshViewDemo.release.xcconfig */,
			);
			name = Pods;
			sourceTree = "<group>";
		};
		FE1F170CEC0E67195649D7BB /* Frameworks */ = {
			isa = PBXGroup;
			children = (
				D1B1DD7E710090D5EE0DB7D5 /* libPods-LGRefreshViewDemo.a */,
			);
			name = Frameworks;
			sourceTree = "<group>";
		};
/* End PBXGroup section */

/* Begin PBXNativeTarget section */
		841015B21A94CA2B0004B53B /* LGRefreshViewDemo */ = {
			isa = PBXNativeTarget;
			buildConfigurationList = 841015D61A94CA2B0004B53B /* Build configuration list for PBXNativeTarget "LGRefreshViewDemo" */;
			buildPhases = (
				DFDFB465598A606DE8DFE9E7 /* Check Pods Manifest.lock */,
				841015AF1A94CA2B0004B53B /* Sources */,
				841015B01A94CA2B0004B53B /* Frameworks */,
				841015B11A94CA2B0004B53B /* Resources */,
				219634B754F06EB0F6CDF5AC /* Copy Pods Resources */,
			);
			buildRules = (
			);
			dependencies = (
			);
			name = LGRefreshViewDemo;
			productName = LGRefreshViewDemo;
			productReference = 841015B31A94CA2B0004B53B /* LGRefreshViewDemo.app */;
			productType = "com.apple.product-type.application";
		};
/* End PBXNativeTarget section */

/* Begin PBXProject section */
		841015AB1A94CA2B0004B53B /* Project object */ = {
			isa = PBXProject;
			attributes = {
				LastUpgradeCheck = 0610;
				ORGANIZATIONNAME = Demo;
				TargetAttributes = {
					841015B21A94CA2B0004B53B = {
						CreatedOnToolsVersion = 6.1;
					};
				};
			};
			buildConfigurationList = 841015AE1A94CA2B0004B53B /* Build configuration list for PBXProject "LGRefreshViewDemo" */;
			compatibilityVersion = "Xcode 3.2";
			developmentRegion = English;
			hasScannedForEncodings = 0;
			knownRegions = (
				en,
				Base,
			);
			mainGroup = 841015AA1A94CA2B0004B53B;
			productRefGroup = 841015B41A94CA2B0004B53B /* Products */;
			projectDirPath = "";
			projectRoot = "";
			targets = (
				841015B21A94CA2B0004B53B /* LGRefreshViewDemo */,
			);
		};
/* End PBXProject section */

/* Begin PBXResourcesBuildPhase section */
		841015B11A94CA2B0004B53B /* Resources */ = {
			isa = PBXResourcesBuildPhase;
			buildActionMask = 2147483647;
			files = (
				841015C41A94CA2B0004B53B /* Images.xcassets in Resources */,
			);
			runOnlyForDeploymentPostprocessing = 0;
		};
/* End PBXResourcesBuildPhase section */

/* Begin PBXShellScriptBuildPhase section */
		219634B754F06EB0F6CDF5AC /* Copy Pods Resources */ = {
			isa = PBXShellScriptBuildPhase;
			buildActionMask = 2147483647;
			files = (
			);
			inputPaths = (
			);
			name = "Copy Pods Resources";
			outputPaths = (
			);
			runOnlyForDeploymentPostprocessing = 0;
			shellPath = /bin/sh;
			shellScript = "\"${SRCROOT}/Pods/Target Support Files/Pods-LGRefreshViewDemo/Pods-LGRefreshViewDemo-resources.sh\"\n";
			showEnvVarsInLog = 0;
		};
		DFDFB465598A606DE8DFE9E7 /* Check Pods Manifest.lock */ = {
			isa = PBXShellScriptBuildPhase;
			buildActionMask = 2147483647;
			files = (
			);
			inputPaths = (
			);
			name = "Check Pods Manifest.lock";
			outputPaths = (
			);
			runOnlyForDeploymentPostprocessing = 0;
			shellPath = /bin/sh;
			shellScript = "diff \"${PODS_ROOT}/../Podfile.lock\" \"${PODS_ROOT}/Manifest.lock\" > /dev/null\nif [[ $? != 0 ]] ; then\n    cat << EOM\nerror: The sandbox is not in sync with the Podfile.lock. Run 'pod install' or update your CocoaPods installation.\nEOM\n    exit 1\nfi\n";
			showEnvVarsInLog = 0;
		};
/* End PBXShellScriptBuildPhase section */

/* Begin PBXSourcesBuildPhase section */
		841015AF1A94CA2B0004B53B /* Sources */ = {
			isa = PBXSourcesBuildPhase;
			buildActionMask = 2147483647;
			files = (
				841015BF1A94CA2B0004B53B /* TableViewController.m in Sources */,
				4A45A9C91A98AE2A00AC75D0 /* RefreshTableViewController.m in Sources */,
				4A4783A31A99D6560058F504 /* RefreshCollectionViewController.m in Sources */,
				4ADC01FC1AC2E1E900F40A74 /* RefreshScrollViewController.m in Sources */,
				841015DE1A94CAEA0004B53B /* NavigationController.m in Sources */,
				841015BC1A94CA2B0004B53B /* AppDelegate.m in Sources */,
				841015B91A94CA2B0004B53B /* main.m in Sources */,
			);
			runOnlyForDeploymentPostprocessing = 0;
		};
/* End PBXSourcesBuildPhase section */

/* Begin XCBuildConfiguration section */
		841015D41A94CA2B0004B53B /* Debug */ = {
			isa = XCBuildConfiguration;
			buildSettings = {
				ALWAYS_SEARCH_USER_PATHS = NO;
				CLANG_CXX_LANGUAGE_STANDARD = "gnu++0x";
				CLANG_CXX_LIBRARY = "libc++";
				CLANG_ENABLE_MODULES = YES;
				CLANG_ENABLE_OBJC_ARC = YES;
				CLANG_WARN_BOOL_CONVERSION = YES;
				CLANG_WARN_CONSTANT_CONVERSION = YES;
				CLANG_WARN_DIRECT_OBJC_ISA_USAGE = YES_ERROR;
				CLANG_WARN_EMPTY_BODY = YES;
				CLANG_WARN_ENUM_CONVERSION = YES;
				CLANG_WARN_INT_CONVERSION = YES;
				CLANG_WARN_OBJC_ROOT_CLASS = YES_ERROR;
				CLANG_WARN_UNREACHABLE_CODE = YES;
				CLANG_WARN__DUPLICATE_METHOD_MATCH = YES;
				"CODE_SIGN_IDENTITY[sdk=iphoneos*]" = "iPhone Developer";
				COPY_PHASE_STRIP = NO;
				ENABLE_STRICT_OBJC_MSGSEND = YES;
				GCC_C_LANGUAGE_STANDARD = gnu99;
				GCC_DYNAMIC_NO_PIC = NO;
				GCC_OPTIMIZATION_LEVEL = 0;
				GCC_PREPROCESSOR_DEFINITIONS = (
					"DEBUG=1",
					"$(inherited)",
				);
				GCC_SYMBOLS_PRIVATE_EXTERN = NO;
				GCC_WARN_64_TO_32_BIT_CONVERSION = YES;
				GCC_WARN_ABOUT_RETURN_TYPE = YES_ERROR;
				GCC_WARN_UNDECLARED_SELECTOR = YES;
				GCC_WARN_UNINITIALIZED_AUTOS = YES_AGGRESSIVE;
				GCC_WARN_UNUSED_FUNCTION = YES;
				GCC_WARN_UNUSED_VARIABLE = YES;
				IPHONEOS_DEPLOYMENT_TARGET = 6.0;
				MTL_ENABLE_DEBUG_INFO = YES;
				ONLY_ACTIVE_ARCH = YES;
				SDKROOT = iphoneos;
				TARGETED_DEVICE_FAMILY = "1,2";
			};
			name = Debug;
		};
		841015D51A94CA2B0004B53B /* Release */ = {
			isa = XCBuildConfiguration;
			buildSettings = {
				ALWAYS_SEARCH_USER_PATHS = NO;
				CLANG_CXX_LANGUAGE_STANDARD = "gnu++0x";
				CLANG_CXX_LIBRARY = "libc++";
				CLANG_ENABLE_MODULES = YES;
				CLANG_ENABLE_OBJC_ARC = YES;
				CLANG_WARN_BOOL_CONVERSION = YES;
				CLANG_WARN_CONSTANT_CONVERSION = YES;
				CLANG_WARN_DIRECT_OBJC_ISA_USAGE = YES_ERROR;
				CLANG_WARN_EMPTY_BODY = YES;
				CLANG_WARN_ENUM_CONVERSION = YES;
				CLANG_WARN_INT_CONVERSION = YES;
				CLANG_WARN_OBJC_ROOT_CLASS = YES_ERROR;
				CLANG_WARN_UNREACHABLE_CODE = YES;
				CLANG_WARN__DUPLICATE_METHOD_MATCH = YES;
				"CODE_SIGN_IDENTITY[sdk=iphoneos*]" = "iPhone Developer";
				COPY_PHASE_STRIP = YES;
				ENABLE_NS_ASSERTIONS = NO;
				ENABLE_STRICT_OBJC_MSGSEND = YES;
				GCC_C_LANGUAGE_STANDARD = gnu99;
				GCC_WARN_64_TO_32_BIT_CONVERSION = YES;
				GCC_WARN_ABOUT_RETURN_TYPE = YES_ERROR;
				GCC_WARN_UNDECLARED_SELECTOR = YES;
				GCC_WARN_UNINITIALIZED_AUTOS = YES_AGGRESSIVE;
				GCC_WARN_UNUSED_FUNCTION = YES;
				GCC_WARN_UNUSED_VARIABLE = YES;
				IPHONEOS_DEPLOYMENT_TARGET = 6.0;
				MTL_ENABLE_DEBUG_INFO = NO;
				SDKROOT = iphoneos;
				TARGETED_DEVICE_FAMILY = "1,2";
				VALIDATE_PRODUCT = YES;
			};
			name = Release;
		};
		841015D71A94CA2B0004B53B /* Debug */ = {
			isa = XCBuildConfiguration;
			baseConfigurationReference = E6B85288ACFBB85E0BB95906 /* Pods-LGRefreshViewDemo.debug.xcconfig */;
			buildSettings = {
				ASSETCATALOG_COMPILER_APPICON_NAME = AppIcon;
				ASSETCATALOG_COMPILER_LAUNCHIMAGE_NAME = LaunchImage;
				CODE_SIGN_IDENTITY = "iPhone Developer";
				HEADER_SEARCH_PATHS = "$(inherited)";
				INFOPLIST_FILE = LGRefreshViewDemo/Info.plist;
				IPHONEOS_DEPLOYMENT_TARGET = 6.0;
				LD_RUNPATH_SEARCH_PATHS = "$(inherited) @executable_path/Frameworks";
				PRODUCT_NAME = "$(TARGET_NAME)";
			};
			name = Debug;
		};
		841015D81A94CA2B0004B53B /* Release */ = {
			isa = XCBuildConfiguration;
			baseConfigurationReference = 202900AF0BDA2D1FD82A675C /* Pods-LGRefreshViewDemo.release.xcconfig */;
			buildSettings = {
				ASSETCATALOG_COMPILER_APPICON_NAME = AppIcon;
				ASSETCATALOG_COMPILER_LAUNCHIMAGE_NAME = LaunchImage;
				CODE_SIGN_IDENTITY = "iPhone Developer";
				HEADER_SEARCH_PATHS = "$(inherited)";
				INFOPLIST_FILE = LGRefreshViewDemo/Info.plist;
				IPHONEOS_DEPLOYMENT_TARGET = 6.0;
				LD_RUNPATH_SEARCH_PATHS = "$(inherited) @executable_path/Frameworks";
				PRODUCT_NAME = "$(TARGET_NAME)";
			};
			name = Release;
		};
/* End XCBuildConfiguration section */

/* Begin XCConfigurationList section */
		841015AE1A94CA2B0004B53B /* Build configuration list for PBXProject "LGRefreshViewDemo" */ = {
			isa = XCConfigurationList;
			buildConfigurations = (
				841015D41A94CA2B0004B53B /* Debug */,
				841015D51A94CA2B0004B53B /* Release */,
			);
			defaultConfigurationIsVisible = 0;
			defaultConfigurationName = Release;
		};
		841015D61A94CA2B0004B53B /* Build configuration list for PBXNativeTarget "LGRefreshViewDemo" */ = {
			isa = XCConfigurationList;
			buildConfigurations = (
				841015D71A94CA2B0004B53B /* Debug */,
				841015D81A94CA2B0004B53B /* Release */,
			);
			defaultConfigurationIsVisible = 0;
			defaultConfigurationName = Release;
		};
/* End XCConfigurationList section */
	};
	rootObject = 841015AB1A94CA2B0004B53B /* Project object */;
}
